
Microsoft Visual Studio Solution File, Format Version 12.00
# Visual Studio 15
VisualStudioVersion = 15.0.27703.2047
MinimumVisualStudioVersion = 10.0.40219.1
Project("{9A19103F-16F7-4668-BE54-9A1E7A4F7556}") = "libpompom.sharp", "libpompom.sharp\libpompom.sharp.csproj", "{F70019B9-ADC5-4A9E-BF2B-A6E5488C4082}"
EndProject
Project("{9A19103F-16F7-4668-BE54-9A1E7A4F7556}") = "libpompom.sharp.tests", "libpompom.sharp.tests\libpompom.sharp.tests.csproj", "{B01DC074-832D-4A5E-B2BA-D93268967434}"
EndProject
Project("{9A19103F-16F7-4668-BE54-9A1E7A4F7556}") = "libpompom.sharp.example", "libpompom.sharp.example\libpompom.sharp.example.csproj", "{76D71962-AF68-4389-8153-38A558ACC0F0}"
EndProject
Global
	GlobalSection(SolutionConfigurationPlatforms) = preSolution
		Debug|Any CPU = Debug|Any CPU
		Release|Any CPU = Release|Any CPU
	EndGlobalSection
	GlobalSection(ProjectConfigurationPlatforms) = postSolution
		{F70019B9-ADC5-4A9E-BF2B-A6E5488C4082}.Debug|Any CPU.ActiveCfg = Debug|Any CPU
		{F70019B9-ADC5-4A9E-BF2B-A6E5488C4082}.Debug|Any CPU.Build.0 = Debug|Any CPU
		{F70019B9-ADC5-4A9E-BF2B-A6E5488C4082}.Release|Any CPU.ActiveCfg = Release|Any CPU
		{F70019B9-ADC5-4A9E-BF2B-A6E5488C4082}.Release|Any CPU.Build.0 = Release|Any CPU
		{B01DC074-832D-4A5E-B2BA-D93268967434}.Debug|Any CPU.ActiveCfg = Debug|Any CPU
		{B01DC074-832D-4A5E-B2BA-D93268967434}.Debug|Any CPU.Build.0 = Debug|Any CPU
		{B01DC074-832D-4A5E-B2BA-D93268967434}.Release|Any CPU.ActiveCfg = Release|Any CPU
		{B01DC074-832D-4A5E-B2BA-D93268967434}.Release|Any CPU.Build.0 = Release|Any CPU
		{76D71962-AF68-4389-8153-38A558ACC0F0}.Debug|Any CPU.ActiveCfg = Debug|Any CPU
		{76D71962-AF68-4389-8153-38A558ACC0F0}.Debug|Any CPU.Build.0 = Debug|Any CPU
		{76D71962-AF68-4389-8153-38A558ACC0F0}.Release|Any CPU.ActiveCfg = Release|Any CPU
		{76D71962-AF68-4389-8153-38A558ACC0F0}.Release|Any CPU.Build.0 = Release|Any CPU
	EndGlobalSection
	GlobalSection(SolutionProperties) = preSolution
		HideSolutionNode = FALSE
	EndGlobalSection
	GlobalSection(ExtensibilityGlobals) = postSolution
		SolutionGuid = {F6EB8242-DC11-42F3-A1D8-A7EE8858DCF5}
	EndGlobalSection
EndGlobal
